// !$*UTF8*$!
{
	archiveVersion = 1;
	classes = {
	};
	objectVersion = 56;
	objects = {

/* Begin PBXBuildFile section */
		820A3F4329329C7000995BE0 /* AppDelegate.swift in Sources */ = {isa = PBXBuildFile; fileRef = 820A3F4229329C7000995BE0 /* AppDelegate.swift */; };
		820A3F4529329C7000995BE0 /* SceneDelegate.swift in Sources */ = {isa = PBXBuildFile; fileRef = 820A3F4429329C7000995BE0 /* SceneDelegate.swift */; };
		820A3F4C29329C7100995BE0 /* Assets.xcassets in Resources */ = {isa = PBXBuildFile; fileRef = 820A3F4B29329C7100995BE0 /* Assets.xcassets */; };
		820A3F4F29329C7100995BE0 /* LaunchScreen.storyboard in Resources */ = {isa = PBXBuildFile; fileRef = 820A3F4D29329C7100995BE0 /* LaunchScreen.storyboard */; };
		820A3F5B2932A2D100995BE0 /* NetworkService.swift in Sources */ = {isa = PBXBuildFile; fileRef = 820A3F5A2932A2D100995BE0 /* NetworkService.swift */; };
		820A3F5D2932A30200995BE0 /* NetworkServiceProtocol.swift in Sources */ = {isa = PBXBuildFile; fileRef = 820A3F5C2932A30200995BE0 /* NetworkServiceProtocol.swift */; };
		820A3F5F2932A32400995BE0 /* Endpoint.swift in Sources */ = {isa = PBXBuildFile; fileRef = 820A3F5E2932A32400995BE0 /* Endpoint.swift */; };
		820A3F612932A34B00995BE0 /* RequestMethod.swift in Sources */ = {isa = PBXBuildFile; fileRef = 820A3F602932A34B00995BE0 /* RequestMethod.swift */; };
		820A3F642932A3B300995BE0 /* EndpointProtocol + Extension.swift in Sources */ = {isa = PBXBuildFile; fileRef = 820A3F632932A3B300995BE0 /* EndpointProtocol + Extension.swift */; };
		820A3F672932A67900995BE0 /* Kingfisher in Frameworks */ = {isa = PBXBuildFile; productRef = 820A3F662932A67900995BE0 /* Kingfisher */; };
		820A3F6B2932A6F400995BE0 /* UIImageView + Extension.swift in Sources */ = {isa = PBXBuildFile; fileRef = 820A3F6A2932A6F400995BE0 /* UIImageView + Extension.swift */; };
/* End PBXBuildFile section */

/* Begin PBXFileReference section */
		820A3F3F29329C7000995BE0 /* chidori.app */ = {isa = PBXFileReference; explicitFileType = wrapper.application; includeInIndex = 0; path = chidori.app; sourceTree = BUILT_PRODUCTS_DIR; };
		820A3F4229329C7000995BE0 /* AppDelegate.swift */ = {isa = PBXFileReference; lastKnownFileType = sourcecode.swift; path = AppDelegate.swift; sourceTree = "<group>"; };
		820A3F4429329C7000995BE0 /* SceneDelegate.swift */ = {isa = PBXFileReference; lastKnownFileType = sourcecode.swift; path = SceneDelegate.swift; sourceTree = "<group>"; };
		820A3F4B29329C7100995BE0 /* Assets.xcassets */ = {isa = PBXFileReference; lastKnownFileType = folder.assetcatalog; path = Assets.xcassets; sourceTree = "<group>"; };
		820A3F4E29329C7100995BE0 /* Base */ = {isa = PBXFileReference; lastKnownFileType = file.storyboard; name = Base; path = Base.lproj/LaunchScreen.storyboard; sourceTree = "<group>"; };
		820A3F5029329C7100995BE0 /* Info.plist */ = {isa = PBXFileReference; lastKnownFileType = text.plist.xml; path = Info.plist; sourceTree = "<group>"; };
		820A3F5A2932A2D100995BE0 /* NetworkService.swift */ = {isa = PBXFileReference; lastKnownFileType = sourcecode.swift; path = NetworkService.swift; sourceTree = "<group>"; };
		820A3F5C2932A30200995BE0 /* NetworkServiceProtocol.swift */ = {isa = PBXFileReference; lastKnownFileType = sourcecode.swift; path = NetworkServiceProtocol.swift; sourceTree = "<group>"; };
		820A3F5E2932A32400995BE0 /* Endpoint.swift */ = {isa = PBXFileReference; lastKnownFileType = sourcecode.swift; path = Endpoint.swift; sourceTree = "<group>"; };
		820A3F602932A34B00995BE0 /* RequestMethod.swift */ = {isa = PBXFileReference; lastKnownFileType = sourcecode.swift; path = RequestMethod.swift; sourceTree = "<group>"; };
		820A3F632932A3B300995BE0 /* EndpointProtocol + Extension.swift */ = {isa = PBXFileReference; lastKnownFileType = sourcecode.swift; path = "EndpointProtocol + Extension.swift"; sourceTree = "<group>"; };
		820A3F6A2932A6F400995BE0 /* UIImageView + Extension.swift */ = {isa = PBXFileReference; lastKnownFileType = sourcecode.swift; path = "UIImageView + Extension.swift"; sourceTree = "<group>"; };
/* End PBXFileReference section */

/* Begin PBXFrameworksBuildPhase section */
		820A3F3C29329C7000995BE0 /* Frameworks */ = {
			isa = PBXFrameworksBuildPhase;
			buildActionMask = 2147483647;
			files = (
				820A3F672932A67900995BE0 /* Kingfisher in Frameworks */,
			);
			runOnlyForDeploymentPostprocessing = 0;
		};
/* End PBXFrameworksBuildPhase section */

/* Begin PBXGroup section */
		820A3F3629329C7000995BE0 = {
			isa = PBXGroup;
			children = (
				820A3F4129329C7000995BE0 /* chidori */,
				820A3F4029329C7000995BE0 /* Products */,
			);
			sourceTree = "<group>";
		};
		820A3F4029329C7000995BE0 /* Products */ = {
			isa = PBXGroup;
			children = (
				820A3F3F29329C7000995BE0 /* chidori.app */,
			);
			name = Products;
			sourceTree = "<group>";
		};
		820A3F4129329C7000995BE0 /* chidori */ = {
			isa = PBXGroup;
			children = (
				820A3F5629329D9400995BE0 /* Application */,
				820A3F582932A28E00995BE0 /* Services */,
				820A3F682932A6B600995BE0 /* Extensions */,
				820A3F5729329DA900995BE0 /* Resources */,
			);
			path = chidori;
			sourceTree = "<group>";
		};
		820A3F5629329D9400995BE0 /* Application */ = {
			isa = PBXGroup;
			children = (
				820A3F4229329C7000995BE0 /* AppDelegate.swift */,
				820A3F4429329C7000995BE0 /* SceneDelegate.swift */,
				820A3F5029329C7100995BE0 /* Info.plist */,
			);
			path = Application;
			sourceTree = "<group>";
		};
		820A3F5729329DA900995BE0 /* Resources */ = {
			isa = PBXGroup;
			children = (
				820A3F4B29329C7100995BE0 /* Assets.xcassets */,
				820A3F4D29329C7100995BE0 /* LaunchScreen.storyboard */,
			);
			path = Resources;
			sourceTree = "<group>";
		};
		820A3F582932A28E00995BE0 /* Services */ = {
			isa = PBXGroup;
			children = (
				820A3F592932A29E00995BE0 /* NetworkService */,
			);
			path = Services;
			sourceTree = "<group>";
		};
		820A3F592932A29E00995BE0 /* NetworkService */ = {
			isa = PBXGroup;
			children = (
				820A3F622932A37700995BE0 /* Endpoint */,
				820A3F5A2932A2D100995BE0 /* NetworkService.swift */,
				820A3F5C2932A30200995BE0 /* NetworkServiceProtocol.swift */,
			);
			path = NetworkService;
			sourceTree = "<group>";
		};
		820A3F622932A37700995BE0 /* Endpoint */ = {
			isa = PBXGroup;
			children = (
				820A3F5E2932A32400995BE0 /* Endpoint.swift */,
				820A3F632932A3B300995BE0 /* EndpointProtocol + Extension.swift */,
				820A3F602932A34B00995BE0 /* RequestMethod.swift */,
			);
			path = Endpoint;
			sourceTree = "<group>";
		};
		820A3F682932A6B600995BE0 /* Extensions */ = {
			isa = PBXGroup;
			children = (
				820A3F692932A6D900995BE0 /* UIKit */,
			);
			path = Extensions;
			sourceTree = "<group>";
		};
		820A3F692932A6D900995BE0 /* UIKit */ = {
			isa = PBXGroup;
			children = (
				820A3F6A2932A6F400995BE0 /* UIImageView + Extension.swift */,
			);
			path = UIKit;
			sourceTree = "<group>";
		};
/* End PBXGroup section */

/* Begin PBXNativeTarget section */
		820A3F3E29329C7000995BE0 /* chidori */ = {
			isa = PBXNativeTarget;
			buildConfigurationList = 820A3F5329329C7100995BE0 /* Build configuration list for PBXNativeTarget "chidori" */;
			buildPhases = (
				820A3F3B29329C7000995BE0 /* Sources */,
				820A3F3C29329C7000995BE0 /* Frameworks */,
				820A3F3D29329C7000995BE0 /* Resources */,
			);
			buildRules = (
			);
			dependencies = (
			);
			name = chidori;
			packageProductDependencies = (
				820A3F662932A67900995BE0 /* Kingfisher */,
			);
			productName = chidori;
			productReference = 820A3F3F29329C7000995BE0 /* chidori.app */;
			productType = "com.apple.product-type.application";
		};
/* End PBXNativeTarget section */

/* Begin PBXProject section */
		820A3F3729329C7000995BE0 /* Project object */ = {
			isa = PBXProject;
			attributes = {
				BuildIndependentTargetsInParallel = 1;
				LastSwiftUpdateCheck = 1410;
				LastUpgradeCheck = 1410;
				TargetAttributes = {
					820A3F3E29329C7000995BE0 = {
						CreatedOnToolsVersion = 14.1;
					};
				};
			};
			buildConfigurationList = 820A3F3A29329C7000995BE0 /* Build configuration list for PBXProject "chidori" */;
			compatibilityVersion = "Xcode 14.0";
			developmentRegion = en;
			hasScannedForEncodings = 0;
			knownRegions = (
				en,
				Base,
			);
			mainGroup = 820A3F3629329C7000995BE0;
			packageReferences = (
				820A3F652932A67900995BE0 /* XCRemoteSwiftPackageReference "Kingfisher" */,
			);
			productRefGroup = 820A3F4029329C7000995BE0 /* Products */;
			projectDirPath = "";
			projectRoot = "";
			targets = (
				820A3F3E29329C7000995BE0 /* chidori */,
			);
		};
/* End PBXProject section */

/* Begin PBXResourcesBuildPhase section */
		820A3F3D29329C7000995BE0 /* Resources */ = {
			isa = PBXResourcesBuildPhase;
			buildActionMask = 2147483647;
			files = (
				820A3F4F29329C7100995BE0 /* LaunchScreen.storyboard in Resources */,
				820A3F4C29329C7100995BE0 /* Assets.xcassets in Resources */,
			);
			runOnlyForDeploymentPostprocessing = 0;
		};
/* End PBXResourcesBuildPhase section */

/* Begin PBXSourcesBuildPhase section */
		820A3F3B29329C7000995BE0 /* Sources */ = {
			isa = PBXSourcesBuildPhase;
			buildActionMask = 2147483647;
			files = (
				820A3F5D2932A30200995BE0 /* NetworkServiceProtocol.swift in Sources */,
				820A3F4329329C7000995BE0 /* AppDelegate.swift in Sources */,
				820A3F5F2932A32400995BE0 /* Endpoint.swift in Sources */,
				820A3F5B2932A2D100995BE0 /* NetworkService.swift in Sources */,
				820A3F6B2932A6F400995BE0 /* UIImageView + Extension.swift in Sources */,
				820A3F612932A34B00995BE0 /* RequestMethod.swift in Sources */,
				820A3F642932A3B300995BE0 /* EndpointProtocol + Extension.swift in Sources */,
				820A3F4529329C7000995BE0 /* SceneDelegate.swift in Sources */,
			);
			runOnlyForDeploymentPostprocessing = 0;
		};
/* End PBXSourcesBuildPhase section */

/* Begin PBXVariantGroup section */
		820A3F4D29329C7100995BE0 /* LaunchScreen.storyboard */ = {
			isa = PBXVariantGroup;
			children = (
				820A3F4E29329C7100995BE0 /* Base */,
			);
			name = LaunchScreen.storyboard;
			sourceTree = "<group>";
		};
/* End PBXVariantGroup section */

/* Begin XCBuildConfiguration section */
		820A3F5129329C7100995BE0 /* Debug */ = {
			isa = XCBuildConfiguration;
			buildSettings = {
				ALWAYS_SEARCH_USER_PATHS = NO;
				CLANG_ANALYZER_NONNULL = YES;
				CLANG_ANALYZER_NUMBER_OBJECT_CONVERSION = YES_AGGRESSIVE;
				CLANG_CXX_LANGUAGE_STANDARD = "gnu++20";
				CLANG_ENABLE_MODULES = YES;
				CLANG_ENABLE_OBJC_ARC = YES;
				CLANG_ENABLE_OBJC_WEAK = YES;
				CLANG_WARN_BLOCK_CAPTURE_AUTORELEASING = YES;
				CLANG_WARN_BOOL_CONVERSION = YES;
				CLANG_WARN_COMMA = YES;
				CLANG_WARN_CONSTANT_CONVERSION = YES;
				CLANG_WARN_DEPRECATED_OBJC_IMPLEMENTATIONS = YES;
				CLANG_WARN_DIRECT_OBJC_ISA_USAGE = YES_ERROR;
				CLANG_WARN_DOCUMENTATION_COMMENTS = YES;
				CLANG_WARN_EMPTY_BODY = YES;
				CLANG_WARN_ENUM_CONVERSION = YES;
				CLANG_WARN_INFINITE_RECURSION = YES;
				CLANG_WARN_INT_CONVERSION = YES;
				CLANG_WARN_NON_LITERAL_NULL_CONVERSION = YES;
				CLANG_WARN_OBJC_IMPLICIT_RETAIN_SELF = YES;
				CLANG_WARN_OBJC_LITERAL_CONVERSION = YES;
				CLANG_WARN_OBJC_ROOT_CLASS = YES_ERROR;
				CLANG_WARN_QUOTED_INCLUDE_IN_FRAMEWORK_HEADER = YES;
				CLANG_WARN_RANGE_LOOP_ANALYSIS = YES;
				CLANG_WARN_STRICT_PROTOTYPES = YES;
				CLANG_WARN_SUSPICIOUS_MOVE = YES;
				CLANG_WARN_UNGUARDED_AVAILABILITY = YES_AGGRESSIVE;
				CLANG_WARN_UNREACHABLE_CODE = YES;
				CLANG_WARN__DUPLICATE_METHOD_MATCH = YES;
				COPY_PHASE_STRIP = NO;
				DEBUG_INFORMATION_FORMAT = dwarf;
				ENABLE_STRICT_OBJC_MSGSEND = YES;
				ENABLE_TESTABILITY = YES;
				GCC_C_LANGUAGE_STANDARD = gnu11;
				GCC_DYNAMIC_NO_PIC = NO;
				GCC_NO_COMMON_BLOCKS = YES;
				GCC_OPTIMIZATION_LEVEL = 0;
				GCC_PREPROCESSOR_DEFINITIONS = (
					"DEBUG=1",
					"$(inherited)",
				);
				GCC_WARN_64_TO_32_BIT_CONVERSION = YES;
				GCC_WARN_ABOUT_RETURN_TYPE = YES_ERROR;
				GCC_WARN_UNDECLARED_SELECTOR = YES;
				GCC_WARN_UNINITIALIZED_AUTOS = YES_AGGRESSIVE;
				GCC_WARN_UNUSED_FUNCTION = YES;
				GCC_WARN_UNUSED_VARIABLE = YES;
				IPHONEOS_DEPLOYMENT_TARGET = 16.1;
				MTL_ENABLE_DEBUG_INFO = INCLUDE_SOURCE;
				MTL_FAST_MATH = YES;
				ONLY_ACTIVE_ARCH = YES;
				SDKROOT = iphoneos;
				SWIFT_ACTIVE_COMPILATION_CONDITIONS = DEBUG;
				SWIFT_OPTIMIZATION_LEVEL = "-Onone";
			};
			name = Debug;
		};
		820A3F5229329C7100995BE0 /* Release */ = {
			isa = XCBuildConfiguration;
			buildSettings = {
				ALWAYS_SEARCH_USER_PATHS = NO;
				CLANG_ANALYZER_NONNULL = YES;
				CLANG_ANALYZER_NUMBER_OBJECT_CONVERSION = YES_AGGRESSIVE;
				CLANG_CXX_LANGUAGE_STANDARD = "gnu++20";
				CLANG_ENABLE_MODULES = YES;
				CLANG_ENABLE_OBJC_ARC = YES;
				CLANG_ENABLE_OBJC_WEAK = YES;
				CLANG_WARN_BLOCK_CAPTURE_AUTORELEASING = YES;
				CLANG_WARN_BOOL_CONVERSION = YES;
				CLANG_WARN_COMMA = YES;
				CLANG_WARN_CONSTANT_CONVERSION = YES;
				CLANG_WARN_DEPRECATED_OBJC_IMPLEMENTATIONS = YES;
				CLANG_WARN_DIRECT_OBJC_ISA_USAGE = YES_ERROR;
				CLANG_WARN_DOCUMENTATION_COMMENTS = YES;
				CLANG_WARN_EMPTY_BODY = YES;
				CLANG_WARN_ENUM_CONVERSION = YES;
				CLANG_WARN_INFINITE_RECURSION = YES;
				CLANG_WARN_INT_CONVERSION = YES;
				CLANG_WARN_NON_LITERAL_NULL_CONVERSION = YES;
				CLANG_WARN_OBJC_IMPLICIT_RETAIN_SELF = YES;
				CLANG_WARN_OBJC_LITERAL_CONVERSION = YES;
				CLANG_WARN_OBJC_ROOT_CLASS = YES_ERROR;
				CLANG_WARN_QUOTED_INCLUDE_IN_FRAMEWORK_HEADER = YES;
				CLANG_WARN_RANGE_LOOP_ANALYSIS = YES;
				CLANG_WARN_STRICT_PROTOTYPES = YES;
				CLANG_WARN_SUSPICIOUS_MOVE = YES;
				CLANG_WARN_UNGUARDED_AVAILABILITY = YES_AGGRESSIVE;
				CLANG_WARN_UNREACHABLE_CODE = YES;
				CLANG_WARN__DUPLICATE_METHOD_MATCH = YES;
				COPY_PHASE_STRIP = NO;
				DEBUG_INFORMATION_FORMAT = "dwarf-with-dsym";
				ENABLE_NS_ASSERTIONS = NO;
				ENABLE_STRICT_OBJC_MSGSEND = YES;
				GCC_C_LANGUAGE_STANDARD = gnu11;
				GCC_NO_COMMON_BLOCKS = YES;
				GCC_WARN_64_TO_32_BIT_CONVERSION = YES;
				GCC_WARN_ABOUT_RETURN_TYPE = YES_ERROR;
				GCC_WARN_UNDECLARED_SELECTOR = YES;
				GCC_WARN_UNINITIALIZED_AUTOS = YES_AGGRESSIVE;
				GCC_WARN_UNUSED_FUNCTION = YES;
				GCC_WARN_UNUSED_VARIABLE = YES;
				IPHONEOS_DEPLOYMENT_TARGET = 16.1;
				MTL_ENABLE_DEBUG_INFO = NO;
				MTL_FAST_MATH = YES;
				SDKROOT = iphoneos;
				SWIFT_COMPILATION_MODE = wholemodule;
				SWIFT_OPTIMIZATION_LEVEL = "-O";
				VALIDATE_PRODUCT = YES;
			};
			name = Release;
		};
		820A3F5429329C7100995BE0 /* Debug */ = {
			isa = XCBuildConfiguration;
			buildSettings = {
				ASSETCATALOG_COMPILER_APPICON_NAME = AppIcon;
				ASSETCATALOG_COMPILER_GLOBAL_ACCENT_COLOR_NAME = AccentColor;
				CODE_SIGN_STYLE = Automatic;
				CURRENT_PROJECT_VERSION = 1;
				DEVELOPMENT_TEAM = 848CGPJKXP;
				GENERATE_INFOPLIST_FILE = YES;
				INFOPLIST_FILE = chidori/Application/Info.plist;
				INFOPLIST_KEY_UIApplicationSupportsIndirectInputEvents = YES;
				INFOPLIST_KEY_UILaunchStoryboardName = LaunchScreen;
				INFOPLIST_KEY_UIStatusBarStyle = "";
				INFOPLIST_KEY_UISupportedInterfaceOrientations = UIInterfaceOrientationPortrait;
				IPHONEOS_DEPLOYMENT_TARGET = 15.0;
				LD_RUNPATH_SEARCH_PATHS = (
					"$(inherited)",
					"@executable_path/Frameworks",
				);
				MARKETING_VERSION = 1.0;
				PRODUCT_BUNDLE_IDENTIFIER = yookka1.chidori;
				PRODUCT_NAME = "$(TARGET_NAME)";
				SUPPORTED_PLATFORMS = "iphoneos iphonesimulator";
				SUPPORTS_MACCATALYST = NO;
				SUPPORTS_MAC_DESIGNED_FOR_IPHONE_IPAD = NO;
				SWIFT_EMIT_LOC_STRINGS = YES;
				SWIFT_VERSION = 5.0;
				TARGETED_DEVICE_FAMILY = 1;
			};
			name = Debug;
		};
		820A3F5529329C7100995BE0 /* Release */ = {
			isa = XCBuildConfiguration;
			buildSettings = {
				ASSETCATALOG_COMPILER_APPICON_NAME = AppIcon;
				ASSETCATALOG_COMPILER_GLOBAL_ACCENT_COLOR_NAME = AccentColor;
				CODE_SIGN_STYLE = Automatic;
				CURRENT_PROJECT_VERSION = 1;
				DEVELOPMENT_TEAM = 848CGPJKXP;
				GENERATE_INFOPLIST_FILE = YES;
				INFOPLIST_FILE = chidori/Application/Info.plist;
				INFOPLIST_KEY_UIApplicationSupportsIndirectInputEvents = YES;
				INFOPLIST_KEY_UILaunchStoryboardName = LaunchScreen;
				INFOPLIST_KEY_UIStatusBarStyle = "";
				INFOPLIST_KEY_UISupportedInterfaceOrientations = UIInterfaceOrientationPortrait;
				IPHONEOS_DEPLOYMENT_TARGET = 15.0;
				LD_RUNPATH_SEARCH_PATHS = (
					"$(inherited)",
					"@executable_path/Frameworks",
				);
				MARKETING_VERSION = 1.0;
				PRODUCT_BUNDLE_IDENTIFIER = yookka1.chidori;
				PRODUCT_NAME = "$(TARGET_NAME)";
				SUPPORTED_PLATFORMS = "iphoneos iphonesimulator";
				SUPPORTS_MACCATALYST = NO;
				SUPPORTS_MAC_DESIGNED_FOR_IPHONE_IPAD = NO;
				SWIFT_EMIT_LOC_STRINGS = YES;
				SWIFT_VERSION = 5.0;
				TARGETED_DEVICE_FAMILY = 1;
			};
			name = Release;
		};
/* End XCBuildConfiguration section */

/* Begin XCConfigurationList section */
		820A3F3A29329C7000995BE0 /* Build configuration list for PBXProject "chidori" */ = {
			isa = XCConfigurationList;
			buildConfigurations = (
				820A3F5129329C7100995BE0 /* Debug */,
				820A3F5229329C7100995BE0 /* Release */,
			);
			defaultConfigurationIsVisible = 0;
			defaultConfigurationName = Release;
		};
		820A3F5329329C7100995BE0 /* Build configuration list for PBXNativeTarget "chidori" */ = {
			isa = XCConfigurationList;
			buildConfigurations = (
				820A3F5429329C7100995BE0 /* Debug */,
				820A3F5529329C7100995BE0 /* Release */,
			);
			defaultConfigurationIsVisible = 0;
			defaultConfigurationName = Release;
		};
/* End XCConfigurationList section */

/* Begin XCRemoteSwiftPackageReference section */
		820A3F652932A67900995BE0 /* XCRemoteSwiftPackageReference "Kingfisher" */ = {
			isa = XCRemoteSwiftPackageReference;
			repositoryURL = "https://github.com/onevcat/Kingfisher.git";
			requirement = {
				kind = upToNextMajorVersion;
				minimumVersion = 7.0.0;
			};
		};
/* End XCRemoteSwiftPackageReference section */

/* Begin XCSwiftPackageProductDependency section */
		820A3F662932A67900995BE0 /* Kingfisher */ = {
			isa = XCSwiftPackageProductDependency;
			package = 820A3F652932A67900995BE0 /* XCRemoteSwiftPackageReference "Kingfisher" */;
			productName = Kingfisher;
		};
/* End XCSwiftPackageProductDependency section */
	};
	rootObject = 820A3F3729329C7000995BE0 /* Project object */;
}
